
Microsoft Visual Studio Solution File, Format Version 12.00
# Visual Studio Version 17
VisualStudioVersion = 17.11.35111.106
MinimumVisualStudioVersion = 10.0.40219.1
Project("{FAE04EC0-301F-11D3-BF4B-00C04F79EFBC}") = "BookingManagement.Web", "BookingManagement.Web\BookingManagement.Web.csproj", "{62365ECD-3CCF-4148-B3FA-C542D9F0FEED}"
EndProject
Global
	GlobalSection(SolutionConfigurationPlatforms) = preSolution
		Debug|Any CPU = Debug|Any CPU
		Release|Any CPU = Release|Any CPU
	EndGlobalSection
	GlobalSection(ProjectConfigurationPlatforms) = postSolution
		{62365ECD-3CCF-4148-B3FA-C542D9F0FEED}.Debug|Any CPU.ActiveCfg = Debug|Any CPU
		{62365ECD-3CCF-4148-B3FA-C542D9F0FEED}.Debug|Any CPU.Build.0 = Debug|Any CPU
		{62365ECD-3CCF-4148-B3FA-C542D9F0FEED}.Release|Any CPU.ActiveCfg = Release|Any CPU
		{62365ECD-3CCF-4148-B3FA-C542D9F0FEED}.Release|Any CPU.Build.0 = Release|Any CPU
	EndGlobalSection
	GlobalSection(SolutionProperties) = preSolution
		HideSolutionNode = FALSE
	EndGlobalSection
	GlobalSection(ExtensibilityGlobals) = postSolution
		SolutionGuid = {65BC8199-7431-4950-A4CA-AF478EFBA3BB}
	EndGlobalSection
EndGlobal
