
Microsoft Visual Studio Solution File, Format Version 12.00
# Visual Studio Version 17
VisualStudioVersion = 17.11.35111.106
MinimumVisualStudioVersion = 10.0.40219.1
Project("{FAE04EC0-301F-11D3-BF4B-00C04F79EFBC}") = "BookingManagement.Web", "BookingManagement.Web\BookingManagement.Web.csproj", "{62365ECD-3CCF-4148-B3FA-C542D9F0FEED}"
EndProject
Project("{FAE04EC0-301F-11D3-BF4B-00C04F79EFBC}") = "BookingManagement.Domain", "BookingManagement.Domain\BookingManagement.Domain.csproj", "{F94A8109-FD63-4B90-A556-70E908A9B40E}"
EndProject
Project("{FAE04EC0-301F-11D3-BF4B-00C04F79EFBC}") = "BookingManagement.Application", "BookingManagement.Application\BookingManagement.Application.csproj", "{DE192413-BB2D-4BC9-9F2D-83C7A026F09C}"
EndProject
Project("{FAE04EC0-301F-11D3-BF4B-00C04F79EFBC}") = "BookingManagement.Infrastructure", "BookingManagement.Infrastructure\BookingManagement.Infrastructure.csproj", "{75C64B8F-C56B-4D3A-9635-79EF85A4ACEC}"
EndProject
Global
	GlobalSection(SolutionConfigurationPlatforms) = preSolution
		Debug|Any CPU = Debug|Any CPU
		Release|Any CPU = Release|Any CPU
	EndGlobalSection
	GlobalSection(ProjectConfigurationPlatforms) = postSolution
		{62365ECD-3CCF-4148-B3FA-C542D9F0FEED}.Debug|Any CPU.ActiveCfg = Debug|Any CPU
		{62365ECD-3CCF-4148-B3FA-C542D9F0FEED}.Debug|Any CPU.Build.0 = Debug|Any CPU
		{62365ECD-3CCF-4148-B3FA-C542D9F0FEED}.Release|Any CPU.ActiveCfg = Release|Any CPU
		{62365ECD-3CCF-4148-B3FA-C542D9F0FEED}.Release|Any CPU.Build.0 = Release|Any CPU
		{F94A8109-FD63-4B90-A556-70E908A9B40E}.Debug|Any CPU.ActiveCfg = Debug|Any CPU
		{F94A8109-FD63-4B90-A556-70E908A9B40E}.Debug|Any CPU.Build.0 = Debug|Any CPU
		{F94A8109-FD63-4B90-A556-70E908A9B40E}.Release|Any CPU.ActiveCfg = Release|Any CPU
		{F94A8109-FD63-4B90-A556-70E908A9B40E}.Release|Any CPU.Build.0 = Release|Any CPU
		{DE192413-BB2D-4BC9-9F2D-83C7A026F09C}.Debug|Any CPU.ActiveCfg = Debug|Any CPU
		{DE192413-BB2D-4BC9-9F2D-83C7A026F09C}.Debug|Any CPU.Build.0 = Debug|Any CPU
		{DE192413-BB2D-4BC9-9F2D-83C7A026F09C}.Release|Any CPU.ActiveCfg = Release|Any CPU
		{DE192413-BB2D-4BC9-9F2D-83C7A026F09C}.Release|Any CPU.Build.0 = Release|Any CPU
		{75C64B8F-C56B-4D3A-9635-79EF85A4ACEC}.Debug|Any CPU.ActiveCfg = Debug|Any CPU
		{75C64B8F-C56B-4D3A-9635-79EF85A4ACEC}.Debug|Any CPU.Build.0 = Debug|Any CPU
		{75C64B8F-C56B-4D3A-9635-79EF85A4ACEC}.Release|Any CPU.ActiveCfg = Release|Any CPU
		{75C64B8F-C56B-4D3A-9635-79EF85A4ACEC}.Release|Any CPU.Build.0 = Release|Any CPU
	EndGlobalSection
	GlobalSection(SolutionProperties) = preSolution
		HideSolutionNode = FALSE
	EndGlobalSection
	GlobalSection(ExtensibilityGlobals) = postSolution
		SolutionGuid = {65BC8199-7431-4950-A4CA-AF478EFBA3BB}
	EndGlobalSection
EndGlobal
